// !$*UTF8*$!
{
	archiveVersion = 1;
	classes = {
	};
	objectVersion = 46;
	objects = {

/* Begin PBXBuildFile section */
		331E200318B319980087ABD9 /* SGG_SKButton.m in Sources */ = {isa = PBXBuildFile; fileRef = 331E1FFC18B319980087ABD9 /* SGG_SKButton.m */; };
		331E200418B319980087ABD9 /* SGG_SKButton.m in Sources */ = {isa = PBXBuildFile; fileRef = 331E1FFC18B319980087ABD9 /* SGG_SKButton.m */; };
		331E200518B319980087ABD9 /* SGG_SKMasterButton.m in Sources */ = {isa = PBXBuildFile; fileRef = 331E1FFE18B319980087ABD9 /* SGG_SKMasterButton.m */; };
		331E200618B319980087ABD9 /* SGG_SKMasterButton.m in Sources */ = {isa = PBXBuildFile; fileRef = 331E1FFE18B319980087ABD9 /* SGG_SKMasterButton.m */; };
		331E200718B319980087ABD9 /* SGG_SKPushButton.m in Sources */ = {isa = PBXBuildFile; fileRef = 331E200018B319980087ABD9 /* SGG_SKPushButton.m */; };
		331E200818B319980087ABD9 /* SGG_SKPushButton.m in Sources */ = {isa = PBXBuildFile; fileRef = 331E200018B319980087ABD9 /* SGG_SKPushButton.m */; };
		331E200918B319980087ABD9 /* SGG_SKToggleButton.m in Sources */ = {isa = PBXBuildFile; fileRef = 331E200218B319980087ABD9 /* SGG_SKToggleButton.m */; };
		331E200A18B319980087ABD9 /* SGG_SKToggleButton.m in Sources */ = {isa = PBXBuildFile; fileRef = 331E200218B319980087ABD9 /* SGG_SKToggleButton.m */; };
		332C24191890897600281B03 /* Cocoa.framework in Frameworks */ = {isa = PBXBuildFile; fileRef = 332C24181890897600281B03 /* Cocoa.framework */; };
		332C241B1890897600281B03 /* SpriteKit.framework in Frameworks */ = {isa = PBXBuildFile; fileRef = 332C241A1890897600281B03 /* SpriteKit.framework */; };
		332C24251890897600281B03 /* InfoPlist.strings in Resources */ = {isa = PBXBuildFile; fileRef = 332C24231890897600281B03 /* InfoPlist.strings */; };
		332C24271890897600281B03 /* main.m in Sources */ = {isa = PBXBuildFile; fileRef = 332C24261890897600281B03 /* main.m */; };
		332C242B1890897600281B03 /* Credits.rtf in Resources */ = {isa = PBXBuildFile; fileRef = 332C24291890897600281B03 /* Credits.rtf */; };
		332C242D1890897600281B03 /* MainMenu.xib in Resources */ = {isa = PBXBuildFile; fileRef = 332C242C1890897600281B03 /* MainMenu.xib */; };
		332C242F1890897600281B03 /* SGG_MyScene.m in Sources */ = {isa = PBXBuildFile; fileRef = 332C242E1890897600281B03 /* SGG_MyScene.m */; };
		332C24321890897600281B03 /* SGG_AppDelegate.m in Sources */ = {isa = PBXBuildFile; fileRef = 332C24311890897600281B03 /* SGG_AppDelegate.m */; };
		332C24351890897600281B03 /* Spaceship.png in Resources */ = {isa = PBXBuildFile; fileRef = 332C24341890897600281B03 /* Spaceship.png */; };
		332C24371890897600281B03 /* Images.xcassets in Resources */ = {isa = PBXBuildFile; fileRef = 332C24361890897600281B03 /* Images.xcassets */; };
		332C243E1890897600281B03 /* XCTest.framework in Frameworks */ = {isa = PBXBuildFile; fileRef = 332C243D1890897600281B03 /* XCTest.framework */; };
		332C243F1890897600281B03 /* Cocoa.framework in Frameworks */ = {isa = PBXBuildFile; fileRef = 332C24181890897600281B03 /* Cocoa.framework */; };
		332C2456189089A300281B03 /* SGG_SKUtilities.m in Sources */ = {isa = PBXBuildFile; fileRef = 332C2454189089A300281B03 /* SGG_SKUtilities.m */; };
		33477340189DC5EE00055A53 /* Foundation.framework in Frameworks */ = {isa = PBXBuildFile; fileRef = 3347733F189DC5EE00055A53 /* Foundation.framework */; };
		33477342189DC5EE00055A53 /* CoreGraphics.framework in Frameworks */ = {isa = PBXBuildFile; fileRef = 33477341189DC5EE00055A53 /* CoreGraphics.framework */; };
		33477344189DC5EE00055A53 /* UIKit.framework in Frameworks */ = {isa = PBXBuildFile; fileRef = 33477343189DC5EE00055A53 /* UIKit.framework */; };
		33477345189DC5EE00055A53 /* SpriteKit.framework in Frameworks */ = {isa = PBXBuildFile; fileRef = 332C241A1890897600281B03 /* SpriteKit.framework */; };
		3347734B189DC5EE00055A53 /* InfoPlist.strings in Resources */ = {isa = PBXBuildFile; fileRef = 33477349189DC5EE00055A53 /* InfoPlist.strings */; };
		3347734D189DC5EE00055A53 /* main.m in Sources */ = {isa = PBXBuildFile; fileRef = 3347734C189DC5EE00055A53 /* main.m */; };
		33477351189DC5EE00055A53 /* SGG_AppDelegate.m in Sources */ = {isa = PBXBuildFile; fileRef = 33477350189DC5EE00055A53 /* SGG_AppDelegate.m */; };
		33477354189DC5EE00055A53 /* Main_iPhone.storyboard in Resources */ = {isa = PBXBuildFile; fileRef = 33477352189DC5EE00055A53 /* Main_iPhone.storyboard */; };
		33477357189DC5EE00055A53 /* Main_iPad.storyboard in Resources */ = {isa = PBXBuildFile; fileRef = 33477355189DC5EE00055A53 /* Main_iPad.storyboard */; };
		3347735A189DC5EE00055A53 /* SGG_ViewController.m in Sources */ = {isa = PBXBuildFile; fileRef = 33477359189DC5EE00055A53 /* SGG_ViewController.m */; };
		33477367189DC5EE00055A53 /* XCTest.framework in Frameworks */ = {isa = PBXBuildFile; fileRef = 332C243D1890897600281B03 /* XCTest.framework */; };
		33477368189DC5EE00055A53 /* Foundation.framework in Frameworks */ = {isa = PBXBuildFile; fileRef = 3347733F189DC5EE00055A53 /* Foundation.framework */; };
		33477369189DC5EE00055A53 /* UIKit.framework in Frameworks */ = {isa = PBXBuildFile; fileRef = 33477343189DC5EE00055A53 /* UIKit.framework */; };
		3347737B189DC63F00055A53 /* SGG_SKUtilities.m in Sources */ = {isa = PBXBuildFile; fileRef = 332C2454189089A300281B03 /* SGG_SKUtilities.m */; };
		3347737C189DC63F00055A53 /* SGG_MyScene.m in Sources */ = {isa = PBXBuildFile; fileRef = 332C242E1890897600281B03 /* SGG_MyScene.m */; };
		3347737D189DC63F00055A53 /* Spaceship.png in Resources */ = {isa = PBXBuildFile; fileRef = 332C24341890897600281B03 /* Spaceship.png */; };
		3347737E189DC63F00055A53 /* Images.xcassets in Resources */ = {isa = PBXBuildFile; fileRef = 332C24361890897600281B03 /* Images.xcassets */; };
		33AA783E18E274BD003E4E24 /* SKScene+ConsolidatedInput.m in Sources */ = {isa = PBXBuildFile; fileRef = 33AA783B18E274BD003E4E24 /* SKScene+ConsolidatedInput.m */; };
		33AA783F18E274BD003E4E24 /* SKScene+ConsolidatedInput.m in Sources */ = {isa = PBXBuildFile; fileRef = 33AA783B18E274BD003E4E24 /* SKScene+ConsolidatedInput.m */; };
		33AA784018E274BD003E4E24 /* SKView+AdditionalMouseSupport.m in Sources */ = {isa = PBXBuildFile; fileRef = 33AA783D18E274BD003E4E24 /* SKView+AdditionalMouseSupport.m */; };
		33AA784118E274BD003E4E24 /* SKView+AdditionalMouseSupport.m in Sources */ = {isa = PBXBuildFile; fileRef = 33AA783D18E274BD003E4E24 /* SKView+AdditionalMouseSupport.m */; };
		33B2C2B118CED8710006AC87 /* SKUMultiLineLabelNode.m in Sources */ = {isa = PBXBuildFile; fileRef = 33B2C2B018CED8710006AC87 /* SKUMultiLineLabelNode.m */; };
		33B2C2B218CED8710006AC87 /* SKUMultiLineLabelNode.m in Sources */ = {isa = PBXBuildFile; fileRef = 33B2C2B018CED8710006AC87 /* SKUMultiLineLabelNode.m */; };
/* End PBXBuildFile section */

/* Begin PBXContainerItemProxy section */
		332C24401890897600281B03 /* PBXContainerItemProxy */ = {
			isa = PBXContainerItemProxy;
			containerPortal = 332C240D1890897600281B03 /* Project object */;
			proxyType = 1;
			remoteGlobalIDString = 332C24141890897600281B03;
			remoteInfo = time_conv;
		};
		3347736A189DC5EF00055A53 /* PBXContainerItemProxy */ = {
			isa = PBXContainerItemProxy;
			containerPortal = 332C240D1890897600281B03 /* Project object */;
			proxyType = 1;
			remoteGlobalIDString = 3347733D189DC5EE00055A53;
			remoteInfo = skutils;
		};
/* End PBXContainerItemProxy section */

/* Begin PBXFileReference section */
		331E1FFB18B319980087ABD9 /* SGG_SKButton.h */ = {isa = PBXFileReference; fileEncoding = 4; lastKnownFileType = sourcecode.c.h; path = SGG_SKButton.h; sourceTree = "<group>"; };
		331E1FFC18B319980087ABD9 /* SGG_SKButton.m */ = {isa = PBXFileReference; fileEncoding = 4; lastKnownFileType = sourcecode.c.objc; path = SGG_SKButton.m; sourceTree = "<group>"; };
		331E1FFD18B319980087ABD9 /* SGG_SKMasterButton.h */ = {isa = PBXFileReference; fileEncoding = 4; lastKnownFileType = sourcecode.c.h; path = SGG_SKMasterButton.h; sourceTree = "<group>"; };
		331E1FFE18B319980087ABD9 /* SGG_SKMasterButton.m */ = {isa = PBXFileReference; fileEncoding = 4; lastKnownFileType = sourcecode.c.objc; path = SGG_SKMasterButton.m; sourceTree = "<group>"; };
		331E1FFF18B319980087ABD9 /* SGG_SKPushButton.h */ = {isa = PBXFileReference; fileEncoding = 4; lastKnownFileType = sourcecode.c.h; path = SGG_SKPushButton.h; sourceTree = "<group>"; };
		331E200018B319980087ABD9 /* SGG_SKPushButton.m */ = {isa = PBXFileReference; fileEncoding = 4; lastKnownFileType = sourcecode.c.objc; path = SGG_SKPushButton.m; sourceTree = "<group>"; };
		331E200118B319980087ABD9 /* SGG_SKToggleButton.h */ = {isa = PBXFileReference; fileEncoding = 4; lastKnownFileType = sourcecode.c.h; path = SGG_SKToggleButton.h; sourceTree = "<group>"; };
		331E200218B319980087ABD9 /* SGG_SKToggleButton.m */ = {isa = PBXFileReference; fileEncoding = 4; lastKnownFileType = sourcecode.c.objc; path = SGG_SKToggleButton.m; sourceTree = "<group>"; };
		332C24151890897600281B03 /* SGG_SKUtilities.app */ = {isa = PBXFileReference; explicitFileType = wrapper.application; includeInIndex = 0; path = SGG_SKUtilities.app; sourceTree = BUILT_PRODUCTS_DIR; };
		332C24181890897600281B03 /* Cocoa.framework */ = {isa = PBXFileReference; lastKnownFileType = wrapper.framework; name = Cocoa.framework; path = System/Library/Frameworks/Cocoa.framework; sourceTree = SDKROOT; };
		332C241A1890897600281B03 /* SpriteKit.framework */ = {isa = PBXFileReference; lastKnownFileType = wrapper.framework; name = SpriteKit.framework; path = System/Library/Frameworks/SpriteKit.framework; sourceTree = SDKROOT; };
		332C241D1890897600281B03 /* AppKit.framework */ = {isa = PBXFileReference; lastKnownFileType = wrapper.framework; name = AppKit.framework; path = System/Library/Frameworks/AppKit.framework; sourceTree = SDKROOT; };
		332C241E1890897600281B03 /* CoreData.framework */ = {isa = PBXFileReference; lastKnownFileType = wrapper.framework; name = CoreData.framework; path = System/Library/Frameworks/CoreData.framework; sourceTree = SDKROOT; };
		332C241F1890897600281B03 /* Foundation.framework */ = {isa = PBXFileReference; lastKnownFileType = wrapper.framework; name = Foundation.framework; path = System/Library/Frameworks/Foundation.framework; sourceTree = SDKROOT; };
		332C24221890897600281B03 /* SGG_SKUtilities-Info.plist */ = {isa = PBXFileReference; lastKnownFileType = text.plist.xml; path = "SGG_SKUtilities-Info.plist"; sourceTree = "<group>"; };
		332C24241890897600281B03 /* en */ = {isa = PBXFileReference; lastKnownFileType = text.plist.strings; name = en; path = en.lproj/InfoPlist.strings; sourceTree = "<group>"; };
		332C24261890897600281B03 /* main.m */ = {isa = PBXFileReference; lastKnownFileType = sourcecode.c.objc; path = main.m; sourceTree = "<group>"; };
		332C24281890897600281B03 /* SGG_SKUtilities-Prefix.pch */ = {isa = PBXFileReference; lastKnownFileType = sourcecode.c.h; path = "SGG_SKUtilities-Prefix.pch"; sourceTree = "<group>"; };
		332C242A1890897600281B03 /* en */ = {isa = PBXFileReference; lastKnownFileType = text.rtf; name = en; path = en.lproj/Credits.rtf; sourceTree = "<group>"; };
		332C242C1890897600281B03 /* MainMenu.xib */ = {isa = PBXFileReference; lastKnownFileType = file.xib; path = MainMenu.xib; sourceTree = "<group>"; };
		332C242E1890897600281B03 /* SGG_MyScene.m */ = {isa = PBXFileReference; lastKnownFileType = sourcecode.c.objc; path = SGG_MyScene.m; sourceTree = "<group>"; };
		332C24301890897600281B03 /* SGG_MyScene.h */ = {isa = PBXFileReference; lastKnownFileType = sourcecode.c.h; path = SGG_MyScene.h; sourceTree = "<group>"; };
		332C24311890897600281B03 /* SGG_AppDelegate.m */ = {isa = PBXFileReference; lastKnownFileType = sourcecode.c.objc; path = SGG_AppDelegate.m; sourceTree = "<group>"; };
		332C24331890897600281B03 /* SGG_AppDelegate.h */ = {isa = PBXFileReference; lastKnownFileType = sourcecode.c.h; path = SGG_AppDelegate.h; sourceTree = "<group>"; };
		332C24341890897600281B03 /* Spaceship.png */ = {isa = PBXFileReference; lastKnownFileType = image.png; path = Spaceship.png; sourceTree = "<group>"; };
		332C24361890897600281B03 /* Images.xcassets */ = {isa = PBXFileReference; lastKnownFileType = folder.assetcatalog; path = Images.xcassets; sourceTree = "<group>"; };
		332C243C1890897600281B03 /* SGG_SKUtilitiesTests.xctest */ = {isa = PBXFileReference; explicitFileType = wrapper.cfbundle; includeInIndex = 0; path = SGG_SKUtilitiesTests.xctest; sourceTree = BUILT_PRODUCTS_DIR; };
		332C243D1890897600281B03 /* XCTest.framework */ = {isa = PBXFileReference; lastKnownFileType = wrapper.framework; name = XCTest.framework; path = Library/Frameworks/XCTest.framework; sourceTree = DEVELOPER_DIR; };
		332C2453189089A300281B03 /* SGG_SKUtilities.h */ = {isa = PBXFileReference; fileEncoding = 4; lastKnownFileType = sourcecode.c.h; path = SGG_SKUtilities.h; sourceTree = "<group>"; };
		332C2454189089A300281B03 /* SGG_SKUtilities.m */ = {isa = PBXFileReference; fileEncoding = 4; lastKnownFileType = sourcecode.c.objc; path = SGG_SKUtilities.m; sourceTree = "<group>"; };
		332C2455189089A300281B03 /* SKUtilityConstants.h */ = {isa = PBXFileReference; fileEncoding = 4; lastKnownFileType = sourcecode.c.h; path = SKUtilityConstants.h; sourceTree = "<group>"; };
		33477339189DBE5F00055A53 /* changelog.txt */ = {isa = PBXFileReference; lastKnownFileType = text; path = changelog.txt; sourceTree = "<group>"; };
		3347733E189DC5EE00055A53 /* skutils.app */ = {isa = PBXFileReference; explicitFileType = wrapper.application; includeInIndex = 0; path = skutils.app; sourceTree = BUILT_PRODUCTS_DIR; };
		3347733F189DC5EE00055A53 /* Foundation.framework */ = {isa = PBXFileReference; lastKnownFileType = wrapper.framework; name = Foundation.framework; path = System/Library/Frameworks/Foundation.framework; sourceTree = SDKROOT; };
		33477341189DC5EE00055A53 /* CoreGraphics.framework */ = {isa = PBXFileReference; lastKnownFileType = wrapper.framework; name = CoreGraphics.framework; path = System/Library/Frameworks/CoreGraphics.framework; sourceTree = SDKROOT; };
		33477343189DC5EE00055A53 /* UIKit.framework */ = {isa = PBXFileReference; lastKnownFileType = wrapper.framework; name = UIKit.framework; path = Library/Frameworks/UIKit.framework; sourceTree = DEVELOPER_DIR; };
		33477348189DC5EE00055A53 /* skutils-Info.plist */ = {isa = PBXFileReference; lastKnownFileType = text.plist.xml; path = "skutils-Info.plist"; sourceTree = "<group>"; };
		3347734A189DC5EE00055A53 /* en */ = {isa = PBXFileReference; lastKnownFileType = text.plist.strings; name = en; path = en.lproj/InfoPlist.strings; sourceTree = "<group>"; };
		3347734C189DC5EE00055A53 /* main.m */ = {isa = PBXFileReference; lastKnownFileType = sourcecode.c.objc; path = main.m; sourceTree = "<group>"; };
		3347734E189DC5EE00055A53 /* skutils-Prefix.pch */ = {isa = PBXFileReference; lastKnownFileType = sourcecode.c.h; path = "skutils-Prefix.pch"; sourceTree = "<group>"; };
		3347734F189DC5EE00055A53 /* SGG_AppDelegate.h */ = {isa = PBXFileReference; lastKnownFileType = sourcecode.c.h; path = SGG_AppDelegate.h; sourceTree = "<group>"; };
		33477350189DC5EE00055A53 /* SGG_AppDelegate.m */ = {isa = PBXFileReference; lastKnownFileType = sourcecode.c.objc; path = SGG_AppDelegate.m; sourceTree = "<group>"; };
		33477353189DC5EE00055A53 /* Base */ = {isa = PBXFileReference; lastKnownFileType = file.storyboard; name = Base; path = Base.lproj/Main_iPhone.storyboard; sourceTree = "<group>"; };
		33477356189DC5EE00055A53 /* Base */ = {isa = PBXFileReference; lastKnownFileType = file.storyboard; name = Base; path = Base.lproj/Main_iPad.storyboard; sourceTree = "<group>"; };
		33477358189DC5EE00055A53 /* SGG_ViewController.h */ = {isa = PBXFileReference; lastKnownFileType = sourcecode.c.h; path = SGG_ViewController.h; sourceTree = "<group>"; };
		33477359189DC5EE00055A53 /* SGG_ViewController.m */ = {isa = PBXFileReference; lastKnownFileType = sourcecode.c.objc; path = SGG_ViewController.m; sourceTree = "<group>"; };
		33477366189DC5EE00055A53 /* skutilsTests.xctest */ = {isa = PBXFileReference; explicitFileType = wrapper.cfbundle; includeInIndex = 0; path = skutilsTests.xctest; sourceTree = BUILT_PRODUCTS_DIR; };
		3347737F189E522A00055A53 /* LICENSE.txt */ = {isa = PBXFileReference; lastKnownFileType = text; path = LICENSE.txt; sourceTree = "<group>"; };
		33477380189E52A800055A53 /* README.md */ = {isa = PBXFileReference; lastKnownFileType = text; path = README.md; sourceTree = "<group>"; };
		33AA783A18E274BD003E4E24 /* SKScene+ConsolidatedInput.h */ = {isa = PBXFileReference; fileEncoding = 4; lastKnownFileType = sourcecode.c.h; path = "SKScene+ConsolidatedInput.h"; sourceTree = "<group>"; };
		33AA783B18E274BD003E4E24 /* SKScene+ConsolidatedInput.m */ = {isa = PBXFileReference; fileEncoding = 4; lastKnownFileType = sourcecode.c.objc; path = "SKScene+ConsolidatedInput.m"; sourceTree = "<group>"; };
		33AA783C18E274BD003E4E24 /* SKView+AdditionalMouseSupport.h */ = {isa = PBXFileReference; fileEncoding = 4; lastKnownFileType = sourcecode.c.h; path = "SKView+AdditionalMouseSupport.h"; sourceTree = "<group>"; };
		33AA783D18E274BD003E4E24 /* SKView+AdditionalMouseSupport.m */ = {isa = PBXFileReference; fileEncoding = 4; lastKnownFileType = sourcecode.c.objc; path = "SKView+AdditionalMouseSupport.m"; sourceTree = "<group>"; };
		33B2C2AF18CED8710006AC87 /* SKUMultiLineLabelNode.h */ = {isa = PBXFileReference; fileEncoding = 4; lastKnownFileType = sourcecode.c.h; path = SKUMultiLineLabelNode.h; sourceTree = "<group>"; };
		33B2C2B018CED8710006AC87 /* SKUMultiLineLabelNode.m */ = {isa = PBXFileReference; fileEncoding = 4; lastKnownFileType = sourcecode.c.objc; path = SKUMultiLineLabelNode.m; sourceTree = "<group>"; };
/* End PBXFileReference section */

/* Begin PBXFrameworksBuildPhase section */
		332C24121890897600281B03 /* Frameworks */ = {
			isa = PBXFrameworksBuildPhase;
			buildActionMask = 2147483647;
			files = (
				332C241B1890897600281B03 /* SpriteKit.framework in Frameworks */,
				332C24191890897600281B03 /* Cocoa.framework in Frameworks */,
			);
			runOnlyForDeploymentPostprocessing = 0;
		};
		332C24391890897600281B03 /* Frameworks */ = {
			isa = PBXFrameworksBuildPhase;
			buildActionMask = 2147483647;
			files = (
				332C243F1890897600281B03 /* Cocoa.framework in Frameworks */,
				332C243E1890897600281B03 /* XCTest.framework in Frameworks */,
			);
			runOnlyForDeploymentPostprocessing = 0;
		};
		3347733B189DC5EE00055A53 /* Frameworks */ = {
			isa = PBXFrameworksBuildPhase;
			buildActionMask = 2147483647;
			files = (
				33477342189DC5EE00055A53 /* CoreGraphics.framework in Frameworks */,
				33477344189DC5EE00055A53 /* UIKit.framework in Frameworks */,
				33477345189DC5EE00055A53 /* SpriteKit.framework in Frameworks */,
				33477340189DC5EE00055A53 /* Foundation.framework in Frameworks */,
			);
			runOnlyForDeploymentPostprocessing = 0;
		};
		33477363189DC5EE00055A53 /* Frameworks */ = {
			isa = PBXFrameworksBuildPhase;
			buildActionMask = 2147483647;
			files = (
				33477367189DC5EE00055A53 /* XCTest.framework in Frameworks */,
				33477369189DC5EE00055A53 /* UIKit.framework in Frameworks */,
				33477368189DC5EE00055A53 /* Foundation.framework in Frameworks */,
			);
			runOnlyForDeploymentPostprocessing = 0;
		};
/* End PBXFrameworksBuildPhase section */

/* Begin PBXGroup section */
		331E200B18B3199C0087ABD9 /* SKButtons */ = {
			isa = PBXGroup;
			children = (
				331E1FFB18B319980087ABD9 /* SGG_SKButton.h */,
				331E1FFC18B319980087ABD9 /* SGG_SKButton.m */,
				331E1FFD18B319980087ABD9 /* SGG_SKMasterButton.h */,
				331E1FFE18B319980087ABD9 /* SGG_SKMasterButton.m */,
				331E1FFF18B319980087ABD9 /* SGG_SKPushButton.h */,
				331E200018B319980087ABD9 /* SGG_SKPushButton.m */,
				331E200118B319980087ABD9 /* SGG_SKToggleButton.h */,
				331E200218B319980087ABD9 /* SGG_SKToggleButton.m */,
			);
			name = SKButtons;
			sourceTree = "<group>";
		};
		332C240C1890897600281B03 = {
			isa = PBXGroup;
			children = (
				3347737F189E522A00055A53 /* LICENSE.txt */,
				33477380189E52A800055A53 /* README.md */,
				332C24201890897600281B03 /* skutilities */,
				3347737A189DC62100055A53 /* OSX stuff */,
				33477346189DC5EE00055A53 /* iOS stuff */,
				332C24171890897600281B03 /* Frameworks */,
				332C24161890897600281B03 /* Products */,
			);
			sourceTree = "<group>";
		};
		332C24161890897600281B03 /* Products */ = {
			isa = PBXGroup;
			children = (
				332C24151890897600281B03 /* SGG_SKUtilities.app */,
				332C243C1890897600281B03 /* SGG_SKUtilitiesTests.xctest */,
				3347733E189DC5EE00055A53 /* skutils.app */,
				33477366189DC5EE00055A53 /* skutilsTests.xctest */,
			);
			name = Products;
			sourceTree = "<group>";
		};
		332C24171890897600281B03 /* Frameworks */ = {
			isa = PBXGroup;
			children = (
				332C24181890897600281B03 /* Cocoa.framework */,
				332C241A1890897600281B03 /* SpriteKit.framework */,
				332C243D1890897600281B03 /* XCTest.framework */,
				3347733F189DC5EE00055A53 /* Foundation.framework */,
				33477341189DC5EE00055A53 /* CoreGraphics.framework */,
				33477343189DC5EE00055A53 /* UIKit.framework */,
				332C241C1890897600281B03 /* Other Frameworks */,
			);
			name = Frameworks;
			sourceTree = "<group>";
		};
		332C241C1890897600281B03 /* Other Frameworks */ = {
			isa = PBXGroup;
			children = (
				332C241D1890897600281B03 /* AppKit.framework */,
				332C241E1890897600281B03 /* CoreData.framework */,
				332C241F1890897600281B03 /* Foundation.framework */,
			);
			name = "Other Frameworks";
			sourceTree = "<group>";
		};
		332C24201890897600281B03 /* skutilities */ = {
			isa = PBXGroup;
			children = (
				332C2452189089A300281B03 /* Utilities */,
				332C24301890897600281B03 /* SGG_MyScene.h */,
				332C242E1890897600281B03 /* SGG_MyScene.m */,
				332C24341890897600281B03 /* Spaceship.png */,
				332C24361890897600281B03 /* Images.xcassets */,
			);
			name = skutilities;
			path = time_conv;
			sourceTree = "<group>";
		};
		332C24211890897600281B03 /* Supporting Files */ = {
			isa = PBXGroup;
			children = (
				332C24221890897600281B03 /* SGG_SKUtilities-Info.plist */,
				332C24231890897600281B03 /* InfoPlist.strings */,
				332C24261890897600281B03 /* main.m */,
				332C24281890897600281B03 /* SGG_SKUtilities-Prefix.pch */,
				332C24291890897600281B03 /* Credits.rtf */,
			);
			name = "Supporting Files";
			sourceTree = "<group>";
		};
		332C2452189089A300281B03 /* Utilities */ = {
			isa = PBXGroup;
			children = (
				331E200B18B3199C0087ABD9 /* SKButtons */,
				33477339189DBE5F00055A53 /* changelog.txt */,
				332C2453189089A300281B03 /* SGG_SKUtilities.h */,
				332C2454189089A300281B03 /* SGG_SKUtilities.m */,
				33B2C2AF18CED8710006AC87 /* SKUMultiLineLabelNode.h */,
				33B2C2B018CED8710006AC87 /* SKUMultiLineLabelNode.m */,
				33AA783A18E274BD003E4E24 /* SKScene+ConsolidatedInput.h */,
				33AA783B18E274BD003E4E24 /* SKScene+ConsolidatedInput.m */,
				33AA783C18E274BD003E4E24 /* SKView+AdditionalMouseSupport.h */,
				33AA783D18E274BD003E4E24 /* SKView+AdditionalMouseSupport.m */,
				332C2455189089A300281B03 /* SKUtilityConstants.h */,
			);
			path = Utilities;
			sourceTree = "<group>";
		};
		33477346189DC5EE00055A53 /* iOS stuff */ = {
			isa = PBXGroup;
			children = (
				3347734F189DC5EE00055A53 /* SGG_AppDelegate.h */,
				33477350189DC5EE00055A53 /* SGG_AppDelegate.m */,
				33477352189DC5EE00055A53 /* Main_iPhone.storyboard */,
				33477355189DC5EE00055A53 /* Main_iPad.storyboard */,
				33477358189DC5EE00055A53 /* SGG_ViewController.h */,
				33477359189DC5EE00055A53 /* SGG_ViewController.m */,
				33477347189DC5EE00055A53 /* Supporting Files */,
			);
			name = "iOS stuff";
			path = skutils;
			sourceTree = "<group>";
		};
		33477347189DC5EE00055A53 /* Supporting Files */ = {
			isa = PBXGroup;
			children = (
				33477348189DC5EE00055A53 /* skutils-Info.plist */,
				33477349189DC5EE00055A53 /* InfoPlist.strings */,
				3347734C189DC5EE00055A53 /* main.m */,
				3347734E189DC5EE00055A53 /* skutils-Prefix.pch */,
			);
			name = "Supporting Files";
			sourceTree = "<group>";
		};
		3347737A189DC62100055A53 /* OSX stuff */ = {
			isa = PBXGroup;
			children = (
				332C242C1890897600281B03 /* MainMenu.xib */,
				332C24311890897600281B03 /* SGG_AppDelegate.m */,
				332C24331890897600281B03 /* SGG_AppDelegate.h */,
				332C24211890897600281B03 /* Supporting Files */,
			);
			name = "OSX stuff";
			path = time_conv;
			sourceTree = "<group>";
		};
/* End PBXGroup section */

/* Begin PBXNativeTarget section */
		332C24141890897600281B03 /* SGG_SKUtilities */ = {
			isa = PBXNativeTarget;
			buildConfigurationList = 332C244C1890897600281B03 /* Build configuration list for PBXNativeTarget "SGG_SKUtilities" */;
			buildPhases = (
				332C24111890897600281B03 /* Sources */,
				332C24121890897600281B03 /* Frameworks */,
				332C24131890897600281B03 /* Resources */,
			);
			buildRules = (
			);
			dependencies = (
			);
			name = SGG_SKUtilities;
			productName = time_conv;
			productReference = 332C24151890897600281B03 /* SGG_SKUtilities.app */;
			productType = "com.apple.product-type.application";
		};
		332C243B1890897600281B03 /* SGG_SKUtilitiesTests */ = {
			isa = PBXNativeTarget;
			buildConfigurationList = 332C244F1890897600281B03 /* Build configuration list for PBXNativeTarget "SGG_SKUtilitiesTests" */;
			buildPhases = (
				332C24381890897600281B03 /* Sources */,
				332C24391890897600281B03 /* Frameworks */,
				332C243A1890897600281B03 /* Resources */,
			);
			buildRules = (
			);
			dependencies = (
				332C24411890897600281B03 /* PBXTargetDependency */,
			);
			name = SGG_SKUtilitiesTests;
			productName = time_convTests;
			productReference = 332C243C1890897600281B03 /* SGG_SKUtilitiesTests.xctest */;
			productType = "com.apple.product-type.bundle.unit-test";
		};
		3347733D189DC5EE00055A53 /* skutils */ = {
			isa = PBXNativeTarget;
			buildConfigurationList = 33477374189DC5EF00055A53 /* Build configuration list for PBXNativeTarget "skutils" */;
			buildPhases = (
				3347733A189DC5EE00055A53 /* Sources */,
				3347733B189DC5EE00055A53 /* Frameworks */,
				3347733C189DC5EE00055A53 /* Resources */,
			);
			buildRules = (
			);
			dependencies = (
			);
			name = skutils;
			productName = skutils;
			productReference = 3347733E189DC5EE00055A53 /* skutils.app */;
			productType = "com.apple.product-type.application";
		};
		33477365189DC5EE00055A53 /* skutilsTests */ = {
			isa = PBXNativeTarget;
			buildConfigurationList = 33477377189DC5EF00055A53 /* Build configuration list for PBXNativeTarget "skutilsTests" */;
			buildPhases = (
				33477362189DC5EE00055A53 /* Sources */,
				33477363189DC5EE00055A53 /* Frameworks */,
				33477364189DC5EE00055A53 /* Resources */,
			);
			buildRules = (
			);
			dependencies = (
				3347736B189DC5EF00055A53 /* PBXTargetDependency */,
			);
			name = skutilsTests;
			productName = skutilsTests;
			productReference = 33477366189DC5EE00055A53 /* skutilsTests.xctest */;
			productType = "com.apple.product-type.bundle.unit-test";
		};
/* End PBXNativeTarget section */

/* Begin PBXProject section */
		332C240D1890897600281B03 /* Project object */ = {
			isa = PBXProject;
			attributes = {
				CLASSPREFIX = SGG_;
				LastUpgradeCheck = 0500;
				ORGANIZATIONNAME = "Michael Redig";
				TargetAttributes = {
					332C243B1890897600281B03 = {
						TestTargetID = 332C24141890897600281B03;
					};
					33477365189DC5EE00055A53 = {
						TestTargetID = 332C24141890897600281B03;
					};
				};
			};
			buildConfigurationList = 332C24101890897600281B03 /* Build configuration list for PBXProject "SGG_SKUtilities" */;
			compatibilityVersion = "Xcode 3.2";
			developmentRegion = English;
			hasScannedForEncodings = 0;
			knownRegions = (
				en,
				Base,
			);
			mainGroup = 332C240C1890897600281B03;
			productRefGroup = 332C24161890897600281B03 /* Products */;
			projectDirPath = "";
			projectRoot = "";
			targets = (
				332C24141890897600281B03 /* SGG_SKUtilities */,
				332C243B1890897600281B03 /* SGG_SKUtilitiesTests */,
				3347733D189DC5EE00055A53 /* skutils */,
				33477365189DC5EE00055A53 /* skutilsTests */,
			);
		};
/* End PBXProject section */

/* Begin PBXResourcesBuildPhase section */
		332C24131890897600281B03 /* Resources */ = {
			isa = PBXResourcesBuildPhase;
			buildActionMask = 2147483647;
			files = (
				332C24351890897600281B03 /* Spaceship.png in Resources */,
				332C24371890897600281B03 /* Images.xcassets in Resources */,
				332C24251890897600281B03 /* InfoPlist.strings in Resources */,
				332C242B1890897600281B03 /* Credits.rtf in Resources */,
				332C242D1890897600281B03 /* MainMenu.xib in Resources */,
			);
			runOnlyForDeploymentPostprocessing = 0;
		};
		332C243A1890897600281B03 /* Resources */ = {
			isa = PBXResourcesBuildPhase;
			buildActionMask = 2147483647;
			files = (
			);
			runOnlyForDeploymentPostprocessing = 0;
		};
		3347733C189DC5EE00055A53 /* Resources */ = {
			isa = PBXResourcesBuildPhase;
			buildActionMask = 2147483647;
			files = (
				3347737D189DC63F00055A53 /* Spaceship.png in Resources */,
				3347737E189DC63F00055A53 /* Images.xcassets in Resources */,
				33477357189DC5EE00055A53 /* Main_iPad.storyboard in Resources */,
				33477354189DC5EE00055A53 /* Main_iPhone.storyboard in Resources */,
				3347734B189DC5EE00055A53 /* InfoPlist.strings in Resources */,
			);
			runOnlyForDeploymentPostprocessing = 0;
		};
		33477364189DC5EE00055A53 /* Resources */ = {
			isa = PBXResourcesBuildPhase;
			buildActionMask = 2147483647;
			files = (
			);
			runOnlyForDeploymentPostprocessing = 0;
		};
/* End PBXResourcesBuildPhase section */

/* Begin PBXSourcesBuildPhase section */
		332C24111890897600281B03 /* Sources */ = {
			isa = PBXSourcesBuildPhase;
			buildActionMask = 2147483647;
			files = (
				332C24321890897600281B03 /* SGG_AppDelegate.m in Sources */,
				33AA784018E274BD003E4E24 /* SKView+AdditionalMouseSupport.m in Sources */,
				331E200718B319980087ABD9 /* SGG_SKPushButton.m in Sources */,
				331E200518B319980087ABD9 /* SGG_SKMasterButton.m in Sources */,
				331E200918B319980087ABD9 /* SGG_SKToggleButton.m in Sources */,
				331E200318B319980087ABD9 /* SGG_SKButton.m in Sources */,
				332C242F1890897600281B03 /* SGG_MyScene.m in Sources */,
				332C2456189089A300281B03 /* SGG_SKUtilities.m in Sources */,
				332C24271890897600281B03 /* main.m in Sources */,
				33AA783E18E274BD003E4E24 /* SKScene+ConsolidatedInput.m in Sources */,
				33B2C2B118CED8710006AC87 /* SKUMultiLineLabelNode.m in Sources */,
			);
			runOnlyForDeploymentPostprocessing = 0;
		};
		332C24381890897600281B03 /* Sources */ = {
			isa = PBXSourcesBuildPhase;
			buildActionMask = 2147483647;
			files = (
			);
			runOnlyForDeploymentPostprocessing = 0;
		};
		3347733A189DC5EE00055A53 /* Sources */ = {
			isa = PBXSourcesBuildPhase;
			buildActionMask = 2147483647;
			files = (
				331E200A18B319980087ABD9 /* SGG_SKToggleButton.m in Sources */,
				3347737C189DC63F00055A53 /* SGG_MyScene.m in Sources */,
				33477351189DC5EE00055A53 /* SGG_AppDelegate.m in Sources */,
				3347734D189DC5EE00055A53 /* main.m in Sources */,
				331E200418B319980087ABD9 /* SGG_SKButton.m in Sources */,
				33AA784118E274BD003E4E24 /* SKView+AdditionalMouseSupport.m in Sources */,
				33AA783F18E274BD003E4E24 /* SKScene+ConsolidatedInput.m in Sources */,
				331E200618B319980087ABD9 /* SGG_SKMasterButton.m in Sources */,
				3347737B189DC63F00055A53 /* SGG_SKUtilities.m in Sources */,
				3347735A189DC5EE00055A53 /* SGG_ViewController.m in Sources */,
				33B2C2B218CED8710006AC87 /* SKUMultiLineLabelNode.m in Sources */,
				331E200818B319980087ABD9 /* SGG_SKPushButton.m in Sources */,
			);
			runOnlyForDeploymentPostprocessing = 0;
		};
		33477362189DC5EE00055A53 /* Sources */ = {
			isa = PBXSourcesBuildPhase;
			buildActionMask = 2147483647;
			files = (
			);
			runOnlyForDeploymentPostprocessing = 0;
		};
/* End PBXSourcesBuildPhase section */

/* Begin PBXTargetDependency section */
		332C24411890897600281B03 /* PBXTargetDependency */ = {
			isa = PBXTargetDependency;
			target = 332C24141890897600281B03 /* SGG_SKUtilities */;
			targetProxy = 332C24401890897600281B03 /* PBXContainerItemProxy */;
		};
		3347736B189DC5EF00055A53 /* PBXTargetDependency */ = {
			isa = PBXTargetDependency;
			target = 3347733D189DC5EE00055A53 /* skutils */;
			targetProxy = 3347736A189DC5EF00055A53 /* PBXContainerItemProxy */;
		};
/* End PBXTargetDependency section */

/* Begin PBXVariantGroup section */
		332C24231890897600281B03 /* InfoPlist.strings */ = {
			isa = PBXVariantGroup;
			children = (
				332C24241890897600281B03 /* en */,
			);
			name = InfoPlist.strings;
			sourceTree = "<group>";
		};
		332C24291890897600281B03 /* Credits.rtf */ = {
			isa = PBXVariantGroup;
			children = (
				332C242A1890897600281B03 /* en */,
			);
			name = Credits.rtf;
			sourceTree = "<group>";
		};
		33477349189DC5EE00055A53 /* InfoPlist.strings */ = {
			isa = PBXVariantGroup;
			children = (
				3347734A189DC5EE00055A53 /* en */,
			);
			name = InfoPlist.strings;
			sourceTree = "<group>";
		};
		33477352189DC5EE00055A53 /* Main_iPhone.storyboard */ = {
			isa = PBXVariantGroup;
			children = (
				33477353189DC5EE00055A53 /* Base */,
			);
			name = Main_iPhone.storyboard;
			sourceTree = "<group>";
		};
		33477355189DC5EE00055A53 /* Main_iPad.storyboard */ = {
			isa = PBXVariantGroup;
			children = (
				33477356189DC5EE00055A53 /* Base */,
			);
			name = Main_iPad.storyboard;
			sourceTree = "<group>";
		};
/* End PBXVariantGroup section */

/* Begin XCBuildConfiguration section */
		332C244A1890897600281B03 /* Debug */ = {
			isa = XCBuildConfiguration;
			buildSettings = {
				ALWAYS_SEARCH_USER_PATHS = NO;
				CLANG_CXX_LANGUAGE_STANDARD = "gnu++0x";
				CLANG_CXX_LIBRARY = "libc++";
				CLANG_ENABLE_OBJC_ARC = YES;
				CLANG_WARN_BOOL_CONVERSION = YES;
				CLANG_WARN_CONSTANT_CONVERSION = YES;
				CLANG_WARN_DIRECT_OBJC_ISA_USAGE = YES_ERROR;
				CLANG_WARN_EMPTY_BODY = YES;
				CLANG_WARN_ENUM_CONVERSION = YES;
				CLANG_WARN_INT_CONVERSION = YES;
				CLANG_WARN_OBJC_ROOT_CLASS = YES_ERROR;
				CLANG_WARN__DUPLICATE_METHOD_MATCH = YES;
				COPY_PHASE_STRIP = NO;
				GCC_C_LANGUAGE_STANDARD = gnu99;
				GCC_DYNAMIC_NO_PIC = NO;
				GCC_ENABLE_OBJC_EXCEPTIONS = YES;
				GCC_OPTIMIZATION_LEVEL = 0;
				GCC_PREPROCESSOR_DEFINITIONS = (
					"DEBUG=1",
					"$(inherited)",
				);
				GCC_SYMBOLS_PRIVATE_EXTERN = NO;
				GCC_WARN_64_TO_32_BIT_CONVERSION = YES;
				GCC_WARN_ABOUT_RETURN_TYPE = YES_ERROR;
				GCC_WARN_UNDECLARED_SELECTOR = YES;
				GCC_WARN_UNINITIALIZED_AUTOS = YES;
				GCC_WARN_UNUSED_FUNCTION = YES;
				GCC_WARN_UNUSED_VARIABLE = YES;
				MACOSX_DEPLOYMENT_TARGET = 10.9;
				ONLY_ACTIVE_ARCH = YES;
				SDKROOT = macosx;
			};
			name = Debug;
		};
		332C244B1890897600281B03 /* Release */ = {
			isa = XCBuildConfiguration;
			buildSettings = {
				ALWAYS_SEARCH_USER_PATHS = NO;
				CLANG_CXX_LANGUAGE_STANDARD = "gnu++0x";
				CLANG_CXX_LIBRARY = "libc++";
				CLANG_ENABLE_OBJC_ARC = YES;
				CLANG_WARN_BOOL_CONVERSION = YES;
				CLANG_WARN_CONSTANT_CONVERSION = YES;
				CLANG_WARN_DIRECT_OBJC_ISA_USAGE = YES_ERROR;
				CLANG_WARN_EMPTY_BODY = YES;
				CLANG_WARN_ENUM_CONVERSION = YES;
				CLANG_WARN_INT_CONVERSION = YES;
				CLANG_WARN_OBJC_ROOT_CLASS = YES_ERROR;
				CLANG_WARN__DUPLICATE_METHOD_MATCH = YES;
				COPY_PHASE_STRIP = YES;
				DEBUG_INFORMATION_FORMAT = "dwarf-with-dsym";
				ENABLE_NS_ASSERTIONS = NO;
				GCC_C_LANGUAGE_STANDARD = gnu99;
				GCC_ENABLE_OBJC_EXCEPTIONS = YES;
				GCC_WARN_64_TO_32_BIT_CONVERSION = YES;
				GCC_WARN_ABOUT_RETURN_TYPE = YES_ERROR;
				GCC_WARN_UNDECLARED_SELECTOR = YES;
				GCC_WARN_UNINITIALIZED_AUTOS = YES;
				GCC_WARN_UNUSED_FUNCTION = YES;
				GCC_WARN_UNUSED_VARIABLE = YES;
				MACOSX_DEPLOYMENT_TARGET = 10.9;
				SDKROOT = macosx;
			};
			name = Release;
		};
		332C244D1890897600281B03 /* Debug */ = {
			isa = XCBuildConfiguration;
			buildSettings = {
				ASSETCATALOG_COMPILER_APPICON_NAME = AppIcon;
				COMBINE_HIDPI_IMAGES = YES;
				GCC_PRECOMPILE_PREFIX_HEADER = YES;
				GCC_PREFIX_HEADER = "time_conv/SGG_SKUtilities-Prefix.pch";
				INFOPLIST_FILE = "time_conv/SGG_SKUtilities-Info.plist";
				PRODUCT_NAME = SGG_SKUtilities;
				SPRITEKIT_TEXTURE_ATLAS_OUTPUT = YES;
				WRAPPER_EXTENSION = app;
			};
			name = Debug;
		};
		332C244E1890897600281B03 /* Release */ = {
			isa = XCBuildConfiguration;
			buildSettings = {
				ASSETCATALOG_COMPILER_APPICON_NAME = AppIcon;
				COMBINE_HIDPI_IMAGES = YES;
				GCC_PRECOMPILE_PREFIX_HEADER = YES;
				GCC_PREFIX_HEADER = "time_conv/SGG_SKUtilities-Prefix.pch";
				INFOPLIST_FILE = "time_conv/SGG_SKUtilities-Info.plist";
				PRODUCT_NAME = SGG_SKUtilities;
				SPRITEKIT_TEXTURE_ATLAS_OUTPUT = YES;
				WRAPPER_EXTENSION = app;
			};
			name = Release;
		};
		332C24501890897600281B03 /* Debug */ = {
			isa = XCBuildConfiguration;
			buildSettings = {
				BUNDLE_LOADER = "$(BUILT_PRODUCTS_DIR)/time_conv.app/Contents/MacOS/time_conv";
				COMBINE_HIDPI_IMAGES = YES;
				FRAMEWORK_SEARCH_PATHS = (
					"$(DEVELOPER_FRAMEWORKS_DIR)",
					"$(inherited)",
				);
				GCC_PRECOMPILE_PREFIX_HEADER = YES;
				GCC_PREFIX_HEADER = "time_conv/time_conv-Prefix.pch";
				GCC_PREPROCESSOR_DEFINITIONS = (
					"DEBUG=1",
					"$(inherited)",
				);
				INFOPLIST_FILE = "time_convTests/time_convTests-Info.plist";
				PRODUCT_NAME = SGG_SKUtilitiesTests;
				TEST_HOST = "$(BUNDLE_LOADER)";
				WRAPPER_EXTENSION = xctest;
			};
			name = Debug;
		};
		332C24511890897600281B03 /* Release */ = {
			isa = XCBuildConfiguration;
			buildSettings = {
				BUNDLE_LOADER = "$(BUILT_PRODUCTS_DIR)/time_conv.app/Contents/MacOS/time_conv";
				COMBINE_HIDPI_IMAGES = YES;
				FRAMEWORK_SEARCH_PATHS = (
					"$(DEVELOPER_FRAMEWORKS_DIR)",
					"$(inherited)",
				);
				GCC_PRECOMPILE_PREFIX_HEADER = YES;
				GCC_PREFIX_HEADER = "time_conv/time_conv-Prefix.pch";
				INFOPLIST_FILE = "time_convTests/time_convTests-Info.plist";
				PRODUCT_NAME = SGG_SKUtilitiesTests;
				TEST_HOST = "$(BUNDLE_LOADER)";
				WRAPPER_EXTENSION = xctest;
			};
			name = Release;
		};
		33477375189DC5EF00055A53 /* Debug */ = {
			isa = XCBuildConfiguration;
			buildSettings = {
				ARCHS = "$(ARCHS_STANDARD_INCLUDING_64_BIT)";
				ASSETCATALOG_COMPILER_APPICON_NAME = AppIcon;
				ASSETCATALOG_COMPILER_LAUNCHIMAGE_NAME = LaunchImage;
				CLANG_ENABLE_MODULES = YES;
				"CODE_SIGN_IDENTITY[sdk=iphoneos*]" = "iPhone Developer";
				FRAMEWORK_SEARCH_PATHS = (
					"$(inherited)",
					"$(DEVELOPER_FRAMEWORKS_DIR)",
				);
				GCC_PRECOMPILE_PREFIX_HEADER = YES;
				GCC_PREFIX_HEADER = "skutils/skutils-Prefix.pch";
				GCC_PREPROCESSOR_DEFINITIONS = (
					"DEBUG=1",
					"$(inherited)",
				);
				INFOPLIST_FILE = "skutils/skutils-Info.plist";
				IPHONEOS_DEPLOYMENT_TARGET = 7.0;
				PRODUCT_NAME = "$(TARGET_NAME)";
				SDKROOT = iphoneos;
				SPRITEKIT_TEXTURE_ATLAS_OUTPUT = YES;
				TARGETED_DEVICE_FAMILY = "1,2";
				WRAPPER_EXTENSION = app;
			};
			name = Debug;
		};
		33477376189DC5EF00055A53 /* Release */ = {
			isa = XCBuildConfiguration;
			buildSettings = {
				ARCHS = "$(ARCHS_STANDARD_INCLUDING_64_BIT)";
				ASSETCATALOG_COMPILER_APPICON_NAME = AppIcon;
				ASSETCATALOG_COMPILER_LAUNCHIMAGE_NAME = LaunchImage;
				CLANG_ENABLE_MODULES = YES;
				"CODE_SIGN_IDENTITY[sdk=iphoneos*]" = "iPhone Developer";
				FRAMEWORK_SEARCH_PATHS = (
					"$(inherited)",
					"$(DEVELOPER_FRAMEWORKS_DIR)",
				);
				GCC_PRECOMPILE_PREFIX_HEADER = YES;
				GCC_PREFIX_HEADER = "skutils/skutils-Prefix.pch";
				INFOPLIST_FILE = "skutils/skutils-Info.plist";
				IPHONEOS_DEPLOYMENT_TARGET = 7.0;
				PRODUCT_NAME = "$(TARGET_NAME)";
				SDKROOT = iphoneos;
				SPRITEKIT_TEXTURE_ATLAS_OUTPUT = YES;
				TARGETED_DEVICE_FAMILY = "1,2";
				VALIDATE_PRODUCT = YES;
				WRAPPER_EXTENSION = app;
			};
			name = Release;
		};
		33477378189DC5EF00055A53 /* Debug */ = {
			isa = XCBuildConfiguration;
			buildSettings = {
				ARCHS = "$(ARCHS_STANDARD_INCLUDING_64_BIT)";
				BUNDLE_LOADER = "$(BUILT_PRODUCTS_DIR)/time_conv.app/Contents/MacOS/time_conv";
				CLANG_ENABLE_MODULES = YES;
				FRAMEWORK_SEARCH_PATHS = (
					"$(SDKROOT)/Developer/Library/Frameworks",
					"$(inherited)",
					"$(DEVELOPER_FRAMEWORKS_DIR)",
				);
				GCC_PRECOMPILE_PREFIX_HEADER = YES;
				GCC_PREFIX_HEADER = "skutils/skutils-Prefix.pch";
				GCC_PREPROCESSOR_DEFINITIONS = (
					"DEBUG=1",
					"$(inherited)",
				);
				INFOPLIST_FILE = "skutilsTests/skutilsTests-Info.plist";
				IPHONEOS_DEPLOYMENT_TARGET = 7.0;
				PRODUCT_NAME = "$(TARGET_NAME)";
				SDKROOT = iphoneos;
				TEST_HOST = "$(BUNDLE_LOADER)";
				WRAPPER_EXTENSION = xctest;
			};
			name = Debug;
		};
		33477379189DC5EF00055A53 /* Release */ = {
			isa = XCBuildConfiguration;
			buildSettings = {
				ARCHS = "$(ARCHS_STANDARD_INCLUDING_64_BIT)";
				BUNDLE_LOADER = "$(BUILT_PRODUCTS_DIR)/time_conv.app/Contents/MacOS/time_conv";
				CLANG_ENABLE_MODULES = YES;
				FRAMEWORK_SEARCH_PATHS = (
					"$(SDKROOT)/Developer/Library/Frameworks",
					"$(inherited)",
					"$(DEVELOPER_FRAMEWORKS_DIR)",
				);
				GCC_PRECOMPILE_PREFIX_HEADER = YES;
				GCC_PREFIX_HEADER = "skutils/skutils-Prefix.pch";
				INFOPLIST_FILE = "skutilsTests/skutilsTests-Info.plist";
				IPHONEOS_DEPLOYMENT_TARGET = 7.0;
				PRODUCT_NAME = "$(TARGET_NAME)";
				SDKROOT = iphoneos;
				TEST_HOST = "$(BUNDLE_LOADER)";
				VALIDATE_PRODUCT = YES;
				WRAPPER_EXTENSION = xctest;
			};
			name = Release;
		};
/* End XCBuildConfiguration section */

/* Begin XCConfigurationList section */
		332C24101890897600281B03 /* Build configuration list for PBXProject "SGG_SKUtilities" */ = {
			isa = XCConfigurationList;
			buildConfigurations = (
				332C244A1890897600281B03 /* Debug */,
				332C244B1890897600281B03 /* Release */,
			);
			defaultConfigurationIsVisible = 0;
			defaultConfigurationName = Release;
		};
		332C244C1890897600281B03 /* Build configuration list for PBXNativeTarget "SGG_SKUtilities" */ = {
			isa = XCConfigurationList;
			buildConfigurations = (
				332C244D1890897600281B03 /* Debug */,
				332C244E1890897600281B03 /* Release */,
			);
			defaultConfigurationIsVisible = 0;
			defaultConfigurationName = Release;
		};
		332C244F1890897600281B03 /* Build configuration list for PBXNativeTarget "SGG_SKUtilitiesTests" */ = {
			isa = XCConfigurationList;
			buildConfigurations = (
				332C24501890897600281B03 /* Debug */,
				332C24511890897600281B03 /* Release */,
			);
			defaultConfigurationIsVisible = 0;
			defaultConfigurationName = Release;
		};
		33477374189DC5EF00055A53 /* Build configuration list for PBXNativeTarget "skutils" */ = {
			isa = XCConfigurationList;
			buildConfigurations = (
				33477375189DC5EF00055A53 /* Debug */,
				33477376189DC5EF00055A53 /* Release */,
			);
			defaultConfigurationIsVisible = 0;
			defaultConfigurationName = Release;
		};
		33477377189DC5EF00055A53 /* Build configuration list for PBXNativeTarget "skutilsTests" */ = {
			isa = XCConfigurationList;
			buildConfigurations = (
				33477378189DC5EF00055A53 /* Debug */,
				33477379189DC5EF00055A53 /* Release */,
			);
			defaultConfigurationIsVisible = 0;
			defaultConfigurationName = Release;
		};
/* End XCConfigurationList section */
	};
	rootObject = 332C240D1890897600281B03 /* Project object */;
}
